# This file is generated by running "yarn install" inside your project.
# Manual changes might be lost - proceed with caution!

__metadata:
  version: 8
  cacheKey: 10c0

"autoprefixer@npm:^10.4.16":
  version: 10.4.16
  resolution: "autoprefixer@npm:10.4.16"
  dependencies:
    browserslist: "npm:^4.21.10"
    caniuse-lite: "npm:^1.0.30001538"
    fraction.js: "npm:^4.3.6"
    normalize-range: "npm:^0.1.2"
    picocolors: "npm:^1.0.0"
    postcss-value-parser: "npm:^4.2.0"
  peerDependencies:
    postcss: ^8.1.0
  bin:
    autoprefixer: bin/autoprefixer
  checksum: e00256e754d481a026d928bca729b25954074dd142dbec022f0a7db0d3bbc0dc2e2dc7542e94fec22eff81e21fe140e6856448e2d9a002660cb1e2ad434daee0
  languageName: node
  linkType: hard

"browserslist@npm:^4.21.10":
  version: 4.22.1
  resolution: "browserslist@npm:4.22.1"
  dependencies:
    caniuse-lite: "npm:^1.0.30001541"
    electron-to-chromium: "npm:^1.4.535"
    node-releases: "npm:^2.0.13"
    update-browserslist-db: "npm:^1.0.13"
  bin:
    browserslist: cli.js
  checksum: 6810f2d63f171d0b7b8d38cf091708e00cb31525501810a507839607839320d66e657293b0aa3d7f051ecbc025cb07390a90c037682c1d05d12604991e41050b
  languageName: node
  linkType: hard

"caniuse-lite@npm:^1.0.30001538, caniuse-lite@npm:^1.0.30001541":
  version: 1.0.30001561
  resolution: "caniuse-lite@npm:1.0.30001561"
  checksum: 6e84c84026fee53edbdbb5aded7a04a036aae4c2e367cf6bdc90c6783a591e2fdcfcdebcc4e774aca61092e542a61200c8c16b06659396492426033c4dbcc618
  languageName: node
  linkType: hard

"electron-to-chromium@npm:^1.4.535":
  version: 1.4.576
  resolution: "electron-to-chromium@npm:1.4.576"
  checksum: b0b9e7ba803bf93ffac9cb830ed2b0e0eb07f20066127065f9ab9e08e4e6a5812040e03d76f6ee9bc59e03fb938fd414e83d4883b29111303e9e88633cf2dce4
  languageName: node
  linkType: hard

"escalade@npm:^3.1.1":
  version: 3.1.1
  resolution: "escalade@npm:3.1.1"
  checksum: afd02e6ca91ffa813e1108b5e7756566173d6bc0d1eb951cb44d6b21702ec17c1cf116cfe75d4a2b02e05acb0b808a7a9387d0d1ca5cf9c04ad03a8445c3e46d
  languageName: node
  linkType: hard

"fraction.js@npm:^4.3.6":
  version: 4.3.7
  resolution: "fraction.js@npm:4.3.7"
  checksum: df291391beea9ab4c263487ffd9d17fed162dbb736982dee1379b2a8cc94e4e24e46ed508c6d278aded9080ba51872f1bc5f3a5fd8d7c74e5f105b508ac28711
  languageName: node
  linkType: hard

"nanoid@npm:^3.3.6":
  version: 3.3.6
  resolution: "nanoid@npm:3.3.6"
  bin:
    nanoid: bin/nanoid.cjs
  checksum: 606b355960d0fcbe3d27924c4c52ef7d47d3b57208808ece73279420d91469b01ec1dce10fae512b6d4a8c5a5432b352b228336a8b2202a6ea68e67fa348e2ee
  languageName: node
  linkType: hard

"node-releases@npm:^2.0.13":
  version: 2.0.13
  resolution: "node-releases@npm:2.0.13"
  checksum: 2fb44bf70fc949d27f3a48a7fd1a9d1d603ddad4ccd091f26b3fb8b1da976605d919330d7388ccd55ca2ade0dc8b2e12841ba19ef249c8bb29bf82532d401af7
  languageName: node
  linkType: hard

"normalize-range@npm:^0.1.2":
  version: 0.1.2
  resolution: "normalize-range@npm:0.1.2"
  checksum: bf39b73a63e0a42ad1a48c2bd1bda5a07ede64a7e2567307a407674e595bcff0fa0d57e8e5f1e7fa5e91000797c7615e13613227aaaa4d6d6e87f5bd5cc95de6
  languageName: node
  linkType: hard

"picocolors@npm:^1.0.0":
  version: 1.0.0
  resolution: "picocolors@npm:1.0.0"
  checksum: 20a5b249e331c14479d94ec6817a182fd7a5680debae82705747b2db7ec50009a5f6648d0621c561b0572703f84dbef0858abcbd5856d3c5511426afcb1961f7
  languageName: node
  linkType: hard

"postcss-value-parser@npm:^4.2.0":
  version: 4.2.0
  resolution: "postcss-value-parser@npm:4.2.0"
  checksum: f4142a4f56565f77c1831168e04e3effd9ffcc5aebaf0f538eee4b2d465adfd4b85a44257bb48418202a63806a7da7fe9f56c330aebb3cac898e46b4cbf49161
  languageName: node
  linkType: hard

"postcss@npm:^8.4.31":
  version: 8.4.31
  resolution: "postcss@npm:8.4.31"
  dependencies:
    nanoid: "npm:^3.3.6"
    picocolors: "npm:^1.0.0"
    source-map-js: "npm:^1.0.2"
  checksum: 748b82e6e5fc34034dcf2ae88ea3d11fd09f69b6c50ecdd3b4a875cfc7cdca435c958b211e2cb52355422ab6fccb7d8f2f2923161d7a1b281029e4a913d59acf
  languageName: node
  linkType: hard

"source-map-js@npm:^1.0.2":
  version: 1.0.2
  resolution: "source-map-js@npm:1.0.2"
  checksum: 32f2dfd1e9b7168f9a9715eb1b4e21905850f3b50cf02cf476e47e4eebe8e6b762b63a64357896aa29b37e24922b4282df0f492e0d2ace572b43d15525976ff8
  languageName: node
  linkType: hard

"stephanief.github.io@workspace:.":
  version: 0.0.0-use.local
  resolution: "stephanief.github.io@workspace:."
  dependencies:
    autoprefixer: "npm:^10.4.16"
    postcss: "npm:^8.4.31"
  languageName: unknown
  linkType: soft

"update-browserslist-db@npm:^1.0.13":
  version: 1.0.13
  resolution: "update-browserslist-db@npm:1.0.13"
  dependencies:
    escalade: "npm:^3.1.1"
    picocolors: "npm:^1.0.0"
  peerDependencies:
    browserslist: ">= 4.21.0"
  bin:
    update-browserslist-db: cli.js
  checksum: e52b8b521c78ce1e0c775f356cd16a9c22c70d25f3e01180839c407a5dc787fb05a13f67560cbaf316770d26fa99f78f1acd711b1b54a4f35d4820d4ea7136e6
  languageName: node
  linkType: hard
